{
  "version": 1,
  "dependencies": {
    ".NETCoreApp,Version=v5.0": {
      "Microsoft.Extensions.FileProviders.Embedded": {
        "type": "Direct",
        "requested": "[5.0.4, )",
        "resolved": "5.0.4",
        "contentHash": "bT8gkdLr2ozXjjVpIrnbesmOyMRZ50kRRc2MqHqjjGTOB+uZEOoIWwnym2Er0ZsK+lGaNky8uXFTgvsJ0IYcuA==",
        "dependencies": {
          "Microsoft.Extensions.FileProviders.Abstractions": "5.0.0"
        }
      },
      "Microsoft.AspNetCore.Http.Features": {
        "type": "Transitive",
        "resolved": "5.0.4",
        "contentHash": "w4ffAN7/k9DvEGMvkA38iADqwqoEIiT7z4+KsdB6EUEZs7u/AAs46X0cEfoovYCPglw7EBXJO7MoafLdGw/2vQ==",
        "dependencies": {
          "Microsoft.Extensions.Primitives": "5.0.0",
          "System.IO.Pipelines": "5.0.1"
        }
      },
      "Microsoft.Extensions.FileProviders.Abstractions": {
        "type": "Transitive",
        "resolved": "5.0.0",
        "contentHash": "iuZIiZ3mteEb+nsUqpGXKx2cGF+cv6gWPd5jqQI4hzqdiJ6I94ddLjKhQOuRW1lueHwocIw30xbSHGhQj0zjdQ==",
        "dependencies": {
          "Microsoft.Extensions.Primitives": "5.0.0"
        }
      },
      "Microsoft.Extensions.Primitives": {
        "type": "Transitive",
        "resolved": "5.0.0",
        "contentHash": "cI/VWn9G1fghXrNDagX9nYaaB/nokkZn0HYAawGaELQrl8InSezfe9OnfPZLcJq3esXxygh3hkq2c3qoV3SDyQ=="
      },
      "System.IO.Pipelines": {
        "type": "Transitive",
        "resolved": "5.0.1",
        "contentHash": "qEePWsaq9LoEEIqhbGe6D5J8c9IqQOUuTzzV6wn1POlfdLkJliZY3OlB0j0f17uMWlqZYjH7txj+2YbyrIA8Yg=="
      },
      "System.Text.Json": {
        "type": "Transitive",
        "resolved": "5.0.1",
        "contentHash": "/UM3UK1dXKl8Ybysg/21gM4S8DJgkR+yLU8JwqCVbuNqQNImelntgYFAN5QxR8sJJ1kMx//hOUdf0lltosi8cQ=="
      },
      "gridshared": {
        "type": "Project",
        "dependencies": {
          "Microsoft.AspNetCore.Http.Features": "5.0.4",
          "Microsoft.Extensions.Primitives": "5.0.0",
          "System.Text.Json": "5.0.1"
        }
      }
    }
  }
}