{
  "version": 1,
  "dependencies": {
    ".NETStandard,Version=v2.1": {
      "Agno.BlazorInputFile": {
        "type": "Direct",
        "requested": "[0.3.0, )",
        "resolved": "0.3.0",
        "contentHash": "jQyqbUfcYjdkS67xRGijOm6ZDD/K1ijM0WnftJGp+0aTZYBkIzQq3mghvv+Eucq7VcDmO70BFHSEAo+/ZvE5sQ==",
        "dependencies": {
          "Microsoft.AspNetCore.Components": "3.1.0",
          "Microsoft.AspNetCore.Components.Web": "3.1.0"
        }
      },
      "DocumentFormat.OpenXml": {
        "type": "Direct",
        "requested": "[2.11.0, )",
        "resolved": "2.11.0",
        "contentHash": "q+BkHWQ8ZlZxpVcfY5IMnXPzD3jrIxUsgf+qwjUpDqyNPR4YvkEKf/o1CTQ0I+ivifuJnG1MJhoFVWEoGLfXtA==",
        "dependencies": {
          "System.IO.Packaging": "4.7.0"
        }
      },
      "Microsoft.AspNetCore.Components": {
        "type": "Direct",
        "requested": "[3.1.0, )",
        "resolved": "3.1.0",
        "contentHash": "YIcE9FGLLMt8vnjaQEf6PhI4ikxibEv6t06SQTb9BAd//UxrOklqDhCzWldF6zXxh3+VnyVGFNOOlz9Tg8vQ8A==",
        "dependencies": {
          "Microsoft.AspNetCore.Authorization": "3.1.0",
          "Microsoft.AspNetCore.Components.Analyzers": "3.1.0",
          "Microsoft.JSInterop": "3.1.0",
          "System.ComponentModel.Annotations": "4.7.0"
        }
      },
      "Microsoft.AspNetCore.Components.Web": {
        "type": "Direct",
        "requested": "[3.1.0, )",
        "resolved": "3.1.0",
        "contentHash": "wuoKzEIt/4nGU5Adohw93oVM/i2Bszcumm4RQ4XY8ruZCqtq0LmeTE1y1bqRtiRjNgvaUe6cH/ogh2pZ1LQovA==",
        "dependencies": {
          "Microsoft.AspNetCore.Components": "3.1.0",
          "Microsoft.AspNetCore.Components.Forms": "3.1.0",
          "Microsoft.Extensions.DependencyInjection": "3.1.0",
          "Microsoft.JSInterop": "3.1.0"
        }
      },
      "Microsoft.Extensions.DependencyInjection.Abstractions": {
        "type": "Direct",
        "requested": "[3.1.0, )",
        "resolved": "3.1.0",
        "contentHash": "44rDtOf1JXXAFpNT2EXMExaDm/4OJ2RXOL9i9lE4bK427nzC7Exphv+beB6IgluyE2GIoo8zezTStMXI7MQ8WA=="
      },
      "Microsoft.Extensions.Primitives": {
        "type": "Direct",
        "requested": "[3.1.0, )",
        "resolved": "3.1.0",
        "contentHash": "LEKAnX7lhUhSoIc2XraCTK3M4IU/LdVUzCe464Sa4+7F4ZJuXHHRzZli2mDbiT4xzAZhgqXbvfnb5+CNDcQFfg==",
        "dependencies": {
          "System.Memory": "4.5.2",
          "System.Runtime.CompilerServices.Unsafe": "4.7.0"
        }
      },
      "System.Net.Http.Json": {
        "type": "Direct",
        "requested": "[3.2.0, )",
        "resolved": "3.2.0",
        "contentHash": "6VUCQKGS9A0RGkIIfLpvAbBOQdTgsffQJ0OOanEMuCC/couJtjRhK65/3kE97IYi6z5kvXYvQW4buZ2rH5zsDA==",
        "dependencies": {
          "System.Buffers": "4.5.0",
          "System.Memory": "4.5.3",
          "System.Text.Json": "4.7.1",
          "System.Threading.Tasks.Extensions": "4.5.2"
        }
      },
      "Microsoft.AspNetCore.Authorization": {
        "type": "Transitive",
        "resolved": "3.1.0",
        "contentHash": "R/0qFIu1m7jJFD0OuLIjLXC0uYQxFwwW7ylVvGgUPUpOJJK0bKJjfrDu20kY1Yw0hy9ejZYZEdUZHRm3ei0+3w==",
        "dependencies": {
          "Microsoft.AspNetCore.Metadata": "3.1.0",
          "Microsoft.Extensions.Logging.Abstractions": "3.1.0",
          "Microsoft.Extensions.Options": "3.1.0"
        }
      },
      "Microsoft.AspNetCore.Components.Analyzers": {
        "type": "Transitive",
        "resolved": "3.1.0",
        "contentHash": "DWvG559bbeNMkesZ/sYZqEH9iTx4N7WbdyChf2PS7ouZBcWjRSt/V+sKuofrTpb0c8STe14+U3kMKO5FtwaT/g=="
      },
      "Microsoft.AspNetCore.Components.Forms": {
        "type": "Transitive",
        "resolved": "3.1.0",
        "contentHash": "BkW3QVWzpTlqJWbBasahUCrebUQraIZKYS3sK1nTQOw1xNFjfBmmiLipT/9jinnQh3ogatAtfhPxNr6DMrheQg==",
        "dependencies": {
          "Microsoft.AspNetCore.Components": "3.1.0",
          "System.ComponentModel.Annotations": "4.7.0"
        }
      },
      "Microsoft.AspNetCore.Http.Features": {
        "type": "Transitive",
        "resolved": "3.1.0",
        "contentHash": "MzNJ2HbB4i5cIDlH5d62uUpHTPlmbjvAo2tx0x+wYRKJyFoRpxkNvFSB/eCCV/vf4K2+zhKkGC5uNyKvXgvaow==",
        "dependencies": {
          "Microsoft.Extensions.Primitives": "3.1.0",
          "System.IO.Pipelines": "4.7.0"
        }
      },
      "Microsoft.AspNetCore.Metadata": {
        "type": "Transitive",
        "resolved": "3.1.0",
        "contentHash": "ZiNCjglz4kR2OGElM2u/S6cS1ArAxE6lP4BeniCZcr6l+ACzslKgcPGOTY8/Glppx6CDzMKfmyqV+VbFh5CyjQ=="
      },
      "Microsoft.Bcl.AsyncInterfaces": {
        "type": "Transitive",
        "resolved": "1.1.0",
        "contentHash": "1Am6l4Vpn3/K32daEqZI+FFr96OlZkgwK2LcT3pZ2zWubR5zTPW3/FkO1Rat9kb7oQOa4rxgl9LJHc5tspCWfg==",
        "dependencies": {
          "System.Threading.Tasks.Extensions": "4.5.2"
        }
      },
      "Microsoft.Extensions.DependencyInjection": {
        "type": "Transitive",
        "resolved": "3.1.0",
        "contentHash": "KVkv3aF2MQpmGFRh4xRx2CNbc2sjDFk+lH4ySrjWSOS+XoY1Xc+sJphw3N0iYOpoeCCq8976ceVYDH8sdx2qIQ==",
        "dependencies": {
          "Microsoft.Extensions.DependencyInjection.Abstractions": "3.1.0"
        }
      },
      "Microsoft.Extensions.Logging.Abstractions": {
        "type": "Transitive",
        "resolved": "3.1.0",
        "contentHash": "jjo4YXRx6MIpv6DiRxJjSpl+sPP0+5VW0clMEdLyIAz44PPwrDTFrd5PZckIxIXl1kKZ2KK6IL2nkt0+ug2MQg=="
      },
      "Microsoft.Extensions.Options": {
        "type": "Transitive",
        "resolved": "3.1.0",
        "contentHash": "9b6JHY7TAXrSfZ6EEGf+j8XnqKIiMPErfmaNXhJYSCb+BUW2H4RtzkNJvwLJzwgzqBP0wtTjyA6Uw4BPPdmkMw==",
        "dependencies": {
          "Microsoft.Extensions.DependencyInjection.Abstractions": "3.1.0",
          "Microsoft.Extensions.Primitives": "3.1.0",
          "System.ComponentModel.Annotations": "4.7.0"
        }
      },
      "Microsoft.JSInterop": {
        "type": "Transitive",
        "resolved": "3.1.0",
        "contentHash": "A6w985fb6RyL4x69TILW3sF2DcAufUPDOwN1LpdRZ3sZcpvb2ZnM2TrarleDhtqfS5g0Ot+2AG5AM9svH9Cm8Q==",
        "dependencies": {
          "System.Text.Json": "4.7.0"
        }
      },
      "System.Buffers": {
        "type": "Transitive",
        "resolved": "4.5.0",
        "contentHash": "pL2ChpaRRWI/p4LXyy4RgeWlYF2sgfj/pnVMvBqwNFr5cXg7CXNnWZWxrOONLg8VGdFB8oB+EG2Qw4MLgTOe+A=="
      },
      "System.ComponentModel.Annotations": {
        "type": "Transitive",
        "resolved": "4.7.0",
        "contentHash": "0YFqjhp/mYkDGpU0Ye1GjE53HMp9UVfGN7seGpAMttAC0C40v5gw598jCgpbBLMmCo0E5YRLBv5Z2doypO49ZQ=="
      },
      "System.IO.Packaging": {
        "type": "Transitive",
        "resolved": "4.7.0",
        "contentHash": "9VV4KAbgRQZ79iEoG40KIeZy38O30oWwewScAST879+oki8g/Wa2HXZQgrhDDxQM4GkP1PnRJll05NMiVPbYAw=="
      },
      "System.IO.Pipelines": {
        "type": "Transitive",
        "resolved": "4.7.0",
        "contentHash": "S0L7oyWyQdVzD+5xIvcC8h44Vc+FY+qXDCLRh2+YsuBDORNphcxNX+tXR6ByLMjQ/7jDaXxsYBF6qbAr7ZIaFw==",
        "dependencies": {
          "System.Buffers": "4.5.0",
          "System.Memory": "4.5.3",
          "System.Threading.Tasks.Extensions": "4.5.2"
        }
      },
      "System.Memory": {
        "type": "Transitive",
        "resolved": "4.5.3",
        "contentHash": "3oDzvc/zzetpTKWMShs1AADwZjQ/36HnsufHRPcOjyRAAMLDlu2iD33MBI2opxnezcVUtXyqDXXjoFMOU9c7SA==",
        "dependencies": {
          "System.Buffers": "4.4.0",
          "System.Numerics.Vectors": "4.4.0",
          "System.Runtime.CompilerServices.Unsafe": "4.5.2"
        }
      },
      "System.Numerics.Vectors": {
        "type": "Transitive",
        "resolved": "4.5.0",
        "contentHash": "QQTlPTl06J/iiDbJCiepZ4H//BVraReU4O4EoRw1U02H5TLUIT7xn3GnDp9AXPSlJUDyFs4uWjWafNX6WrAojQ=="
      },
      "System.Runtime.CompilerServices.Unsafe": {
        "type": "Transitive",
        "resolved": "4.7.0",
        "contentHash": "IpU1lcHz8/09yDr9N+Juc7SCgNUz+RohkCQI+KsWKR67XxpFr8Z6c8t1iENCXZuRuNCc4HBwme/MDHNVCwyAKg=="
      },
      "System.Text.Encodings.Web": {
        "type": "Transitive",
        "resolved": "4.7.0",
        "contentHash": "IJanJWPQvya2sbGStt3Fkdy4IaomUBSadAfYWeJDQw0zclMk9ixSvMeei6cSmTTQ6ZkGIIAbhHZVCoLR7GgX7Q=="
      },
      "System.Text.Json": {
        "type": "Transitive",
        "resolved": "4.7.1",
        "contentHash": "XwzMbct3iNepJaFylN1+l8weWlFburEzXidqleSsLvSXdHSIJHEKtRVKHPlpWcFmJX6k3goPFfVgUfp40RR+bg==",
        "dependencies": {
          "Microsoft.Bcl.AsyncInterfaces": "1.1.0",
          "System.Buffers": "4.5.0",
          "System.Memory": "4.5.3",
          "System.Numerics.Vectors": "4.5.0",
          "System.Runtime.CompilerServices.Unsafe": "4.7.0",
          "System.Text.Encodings.Web": "4.7.0",
          "System.Threading.Tasks.Extensions": "4.5.2"
        }
      },
      "System.Threading.Tasks.Extensions": {
        "type": "Transitive",
        "resolved": "4.5.2",
        "contentHash": "BG/TNxDFv0svAzx8OiMXDlsHfGw623BZ8tCXw4YLhDFDvDhNUEV58jKYMGRnkbJNm7c3JNNJDiN7JBMzxRBR2w==",
        "dependencies": {
          "System.Runtime.CompilerServices.Unsafe": "4.5.2"
        }
      },
      "gridshared": {
        "type": "Project",
        "dependencies": {
          "Microsoft.AspNetCore.Http.Features": "3.1.0",
          "Microsoft.Extensions.Primitives": "3.1.0",
          "System.Text.Json": "4.7.0"
        }
      }
    },
    ".NETCoreApp,Version=v5.0": {
      "Agno.BlazorInputFile": {
        "type": "Direct",
        "requested": "[0.3.0, )",
        "resolved": "0.3.0",
        "contentHash": "jQyqbUfcYjdkS67xRGijOm6ZDD/K1ijM0WnftJGp+0aTZYBkIzQq3mghvv+Eucq7VcDmO70BFHSEAo+/ZvE5sQ==",
        "dependencies": {
          "Microsoft.AspNetCore.Components": "5.0.0",
          "Microsoft.AspNetCore.Components.Web": "5.0.0"
        }
      },
      "DocumentFormat.OpenXml": {
        "type": "Direct",
        "requested": "[2.11.0, )",
        "resolved": "2.11.0",
        "contentHash": "q+BkHWQ8ZlZxpVcfY5IMnXPzD3jrIxUsgf+qwjUpDqyNPR4YvkEKf/o1CTQ0I+ivifuJnG1MJhoFVWEoGLfXtA==",
        "dependencies": {
          "System.IO.Packaging": "4.7.0"
        }
      },
      "Microsoft.AspNetCore.Components": {
        "type": "Direct",
        "requested": "[5.0.0, )",
        "resolved": "5.0.0",
        "contentHash": "kfJF9EqJGzVgfEN15vWI+8g+ZhtlMAk9YO6G8lXKO9s1AxWv+Ct4OLOMO46PXyjPWWJ7X9gded9EFVFyxsdyjg==",
        "dependencies": {
          "Microsoft.AspNetCore.Authorization": "5.0.0",
          "Microsoft.AspNetCore.Components.Analyzers": "5.0.0"
        }
      },
      "Microsoft.AspNetCore.Components.Web": {
        "type": "Direct",
        "requested": "[5.0.0, )",
        "resolved": "5.0.0",
        "contentHash": "TYnULwOuF43ITRlL02CmVoXLb1t1NSNbmUXuIrS4IMJd+HjK+sIisTRoJOr4L13LDWmOr1OM8teA04tOFf4I6w==",
        "dependencies": {
          "Microsoft.AspNetCore.Components": "5.0.0",
          "Microsoft.AspNetCore.Components.Forms": "5.0.0",
          "Microsoft.Extensions.DependencyInjection": "5.0.0",
          "Microsoft.JSInterop": "5.0.0",
          "System.IO.Pipelines": "5.0.0"
        }
      },
      "Microsoft.Extensions.DependencyInjection.Abstractions": {
        "type": "Direct",
        "requested": "[5.0.0, )",
        "resolved": "5.0.0",
        "contentHash": "ORj7Zh81gC69TyvmcUm9tSzytcy8AVousi+IVRAI8nLieQjOFryRusSFh7+aLk16FN9pQNqJAiMd7BTKINK0kA=="
      },
      "Microsoft.Extensions.Primitives": {
        "type": "Direct",
        "requested": "[5.0.0, )",
        "resolved": "5.0.0",
        "contentHash": "cI/VWn9G1fghXrNDagX9nYaaB/nokkZn0HYAawGaELQrl8InSezfe9OnfPZLcJq3esXxygh3hkq2c3qoV3SDyQ=="
      },
      "System.Net.Http.Json": {
        "type": "Direct",
        "requested": "[5.0.0, )",
        "resolved": "5.0.0",
        "contentHash": "3CPSQpCzEmI9o+1G79TnPCjF40omCdnoXj2Rg76BDwGj5+LZnFPjV+t35eedlvl+uthmholk/XXxXTYgJWSexw=="
      },
      "Microsoft.AspNetCore.Authorization": {
        "type": "Transitive",
        "resolved": "5.0.0",
        "contentHash": "kNiUekkQZIgd0k8WJZVLpdaJSTgpwHT+gn9slPtON4FC8vGGsFWQo3Bd5wo363EJuxlOgszUNQBbpLAaFh1kFg==",
        "dependencies": {
          "Microsoft.AspNetCore.Metadata": "5.0.0",
          "Microsoft.Extensions.Logging.Abstractions": "5.0.0",
          "Microsoft.Extensions.Options": "5.0.0"
        }
      },
      "Microsoft.AspNetCore.Components.Analyzers": {
        "type": "Transitive",
        "resolved": "5.0.0",
        "contentHash": "G5SP+2FO90d84XB90A1NBKJaDjhkhcv3kDumd7zughGt1tNQn92sCpBoRs51LT1M1Cp4w4cD/WHS8WB8t5ol9A=="
      },
      "Microsoft.AspNetCore.Components.Forms": {
        "type": "Transitive",
        "resolved": "5.0.0",
        "contentHash": "6Xdql+Sbx7XM1XjNXx6iyEmlAujTM2GFgeOdzlHip3h6g/M3D/al+K945JuFQ5HlBUQv3SL0c6Okencad6nVmA==",
        "dependencies": {
          "Microsoft.AspNetCore.Components": "5.0.0"
        }
      },
      "Microsoft.AspNetCore.Http.Features": {
        "type": "Transitive",
        "resolved": "5.0.0",
        "contentHash": "6sVnhFwtsjEVL09FsYpAttQ3Og6Jxg1dQFLF9XQUThi1myq64imjhj1swd92TXMLCp5wmt8szDixZXXdx64qhg==",
        "dependencies": {
          "Microsoft.Extensions.Primitives": "5.0.0",
          "System.IO.Pipelines": "5.0.0"
        }
      },
      "Microsoft.AspNetCore.Metadata": {
        "type": "Transitive",
        "resolved": "5.0.0",
        "contentHash": "Gr7YSfoYYnyiQ3+se9RjiZhj2h7I9uDn0ps1kPfxGqLbC8fzpfAzb3EPbHz0sBHtw8aBE0zyckZixmAMqHJnpA=="
      },
      "Microsoft.Extensions.DependencyInjection": {
        "type": "Transitive",
        "resolved": "5.0.0",
        "contentHash": "Rc2kb/p3Ze6cP6rhFC3PJRdWGbLvSHZc0ev7YlyeU6FmHciDMLrhoVoTUEzKPhN5ZjFgKF1Cf5fOz8mCMIkvpA==",
        "dependencies": {
          "Microsoft.Extensions.DependencyInjection.Abstractions": "5.0.0"
        }
      },
      "Microsoft.Extensions.Logging.Abstractions": {
        "type": "Transitive",
        "resolved": "5.0.0",
        "contentHash": "NxP6ahFcBnnSfwNBi2KH2Oz8Xl5Sm2krjId/jRR3I7teFphwiUoUeZPwTNA21EX+5PtjqmyAvKaOeBXcJjcH/w=="
      },
      "Microsoft.Extensions.Options": {
        "type": "Transitive",
        "resolved": "5.0.0",
        "contentHash": "CBvR92TCJ5uBIdd9/HzDSrxYak+0W/3+yxrNg8Qm6Bmrkh5L+nu6m3WeazQehcZ5q1/6dDA7J5YdQjim0165zg==",
        "dependencies": {
          "Microsoft.Extensions.DependencyInjection.Abstractions": "5.0.0",
          "Microsoft.Extensions.Primitives": "5.0.0"
        }
      },
      "Microsoft.JSInterop": {
        "type": "Transitive",
        "resolved": "5.0.0",
        "contentHash": "qhLTZMoOsAbDWwE7M+VbjxH3EuP654tclaOhi6Sf7Xh6bj6TXDO0GiNQeNPdebMClKMGELJezOwbFp1BFB+9Ug=="
      },
      "System.IO.Packaging": {
        "type": "Transitive",
        "resolved": "4.7.0",
        "contentHash": "9VV4KAbgRQZ79iEoG40KIeZy38O30oWwewScAST879+oki8g/Wa2HXZQgrhDDxQM4GkP1PnRJll05NMiVPbYAw=="
      },
      "System.IO.Pipelines": {
        "type": "Transitive",
        "resolved": "5.0.0",
        "contentHash": "irMYm3vhVgRsYvHTU5b2gsT2CwT/SMM6LZFzuJjpIvT5Z4CshxNsaoBC1X/LltwuR3Opp8d6jOS/60WwOb7Q2Q=="
      },
      "System.Text.Json": {
        "type": "Transitive",
        "resolved": "5.0.0",
        "contentHash": "+luxMQNZ2WqeffBU7Ml6njIvxc8169NW2oU+ygNudXQGZiarjE7DOtN7bILiQjTZjkmwwRZGTtLzmdrSI/Ustw=="
      },
      "gridshared": {
        "type": "Project",
        "dependencies": {
          "Microsoft.AspNetCore.Http.Features": "5.0.0",
          "Microsoft.Extensions.Primitives": "5.0.0",
          "System.Text.Json": "5.0.0"
        }
      }
    }
  }
}